
Microsoft Visual Studio Solution File, Format Version 12.00
# Visual Studio Version 16
VisualStudioVersion = 16.0.29215.179
MinimumVisualStudioVersion = 10.0.40219.1
Project("{FAE04EC0-301F-11D3-BF4B-00C04F79EFBC}") = "BaiduMap", "BaiduMap\BaiduMap.csproj", "{B74EED20-52BE-424F-A835-AFD78D7A1796}"
EndProject
Global
	GlobalSection(SolutionConfigurationPlatforms) = preSolution
		Debug|Any CPU = Debug|Any CPU
		Release|Any CPU = Release|Any CPU
	EndGlobalSection
	GlobalSection(ProjectConfigurationPlatforms) = postSolution
		{B74EED20-52BE-424F-A835-AFD78D7A1796}.Debug|Any CPU.ActiveCfg = Debug|Any CPU
		{B74EED20-52BE-424F-A835-AFD78D7A1796}.Debug|Any CPU.Build.0 = Debug|Any CPU
		{B74EED20-52BE-424F-A835-AFD78D7A1796}.Release|Any CPU.ActiveCfg = Release|Any CPU
		{B74EED20-52BE-424F-A835-AFD78D7A1796}.Release|Any CPU.Build.0 = Release|Any CPU
	EndGlobalSection
	GlobalSection(SolutionProperties) = preSolution
		HideSolutionNode = FALSE
	EndGlobalSection
	GlobalSection(ExtensibilityGlobals) = postSolution
		SolutionGuid = {CA9D5EF8-D636-48C2-8D0F-CC60972AE711}
	EndGlobalSection
EndGlobal
